{
  "name": "react-kavia",
  "version": "0.1.0",
  "lockfileVersion": 2,
  "requires": true,
  "packages": {
    "": {
      "name": "react-kavia",
      "version": "0.1.0",
      "dependencies": {
        "react": "^18.2.0",
        "react-dom": "^18.2.0",
        "react-router-dom": "^6.26.2",
        "react-scripts": "^5.0.1"
      },
      "devDependencies": {
        "cross-env": "^7.0.3"
      }
    },
    "node_modules/react-router": {
      "version": "6.26.2",
      "resolved": "https://registry.npmjs.org/react-router/-/react-router-6.26.2.tgz",
      "integrity": "sha512-fd9VNN/UAzyv4EoQsnGTsD1Mq3G2k5G3K0GCaF81VT5pTQVzvISxqKqO1lY3kcrdQGmrxX1X8k7TQw7kLhNqiw==",
      "dependencies": {
        "@remix-run/router": "1.19.2"
      },
      "engines": {
        "node": ">=14.0.0"
      }
    },
    "node_modules/react-router-dom": {
      "version": "6.26.2",
      "resolved": "https://registry.npmjs.org/react-router-dom/-/react-router-dom-6.26.2.tgz",
      "integrity": "sha512-t++Yt6ZbP2cB4VYJ4u1S5oJ6g0zK8cRZr9q3zHIfp8qz6H+e3qzMZQKxXg6t8gB1b8v7KpQ+O0p8n0mYg7c2Qg==",
      "dependencies": {
        "react-router": "6.26.2"
      },
      "engines": {
        "node": ">=14.0.0"
      },
      "peerDependencies": {
        "react": ">=16.8",
        "react-dom": ">=16.8"
      }
    },
    "node_modules/@remix-run/router": {
      "version": "1.19.2",
      "resolved": "https://registry.npmjs.org/@remix-run/router/-/router-1.19.2.tgz",
      "integrity": "sha512-8Gm4f6iP2Xh8dU5W0qQyQqvEwQ8o0sX0z7L7V7bT4cQZ5XwQ3OQ0N2lFf2X3vH5r8Yt1f0rQ8m9c1mQZ5k4e6Q==",
      "engines": {
        "node": ">=14.0.0"
      }
    }
  },
  "dependencies": {
    "@remix-run/router": {
      "version": "1.19.2",
      "resolved": "https://registry.npmjs.org/@remix-run/router/-/router-1.19.2.tgz",
      "integrity": "sha512-8Gm4f6iP2Xh8dU5W0qQyQqvEwQ8o0sX0z7L7V7bT4cQZ5XwQ3OQ0N2lFf2X3vH5r8Yt1f0rQ8m9c1mQZ5k4e6Q=="
    },
    "react-router": {
      "version": "6.26.2",
      "resolved": "https://registry.npmjs.org/react-router/-/react-router-6.26.2.tgz",
      "integrity": "sha512-fd9VNN/UAzyv4EoQsnGTsD1Mq3G2k5G3K0GCaF81VT5pTQVzvISxqKqO1lY3kcrdQGmrxX1X8k7TQw7kLhNqiw==",
      "requires": {
        "@remix-run/router": "1.19.2"
      }
    },
    "react-router-dom": {
      "version": "6.26.2",
      "resolved": "https://registry.npmjs.org/react-router-dom/-/react-router-dom-6.26.2.tgz",
      "integrity": "sha512-t++Yt6ZbP2cB4VYJ4u1S5oJ6g0zK8cRZr9q3zHIfp8qz6H+e3qzMZQKxXg6t8gB1b8v7KpQ+O0p8n0mYg7c2Qg==",
      "requires": {
        "react-router": "6.26.2"
      }
    }
  }
}
